
Microsoft Visual Studio Solution File, Format Version 12.00
# Visual Studio Version 17
VisualStudioVersion = 17.7.34031.279
MinimumVisualStudioVersion = 10.0.40219.1
Project("{FAE04EC0-301F-11D3-BF4B-00C04F79EFBC}") = "ChallangeApp", "ChallangeApp\ChallangeApp.csproj", "{67839F33-8BDB-4E06-99E4-8AD9704FB657}"
EndProject
Global
	GlobalSection(SolutionConfigurationPlatforms) = preSolution
		Debug|Any CPU = Debug|Any CPU
		Release|Any CPU = Release|Any CPU
	EndGlobalSection
	GlobalSection(ProjectConfigurationPlatforms) = postSolution
		{67839F33-8BDB-4E06-99E4-8AD9704FB657}.Debug|Any CPU.ActiveCfg = Debug|Any CPU
		{67839F33-8BDB-4E06-99E4-8AD9704FB657}.Debug|Any CPU.Build.0 = Debug|Any CPU
		{67839F33-8BDB-4E06-99E4-8AD9704FB657}.Release|Any CPU.ActiveCfg = Release|Any CPU
		{67839F33-8BDB-4E06-99E4-8AD9704FB657}.Release|Any CPU.Build.0 = Release|Any CPU
	EndGlobalSection
	GlobalSection(SolutionProperties) = preSolution
		HideSolutionNode = FALSE
	EndGlobalSection
	GlobalSection(ExtensibilityGlobals) = postSolution
		SolutionGuid = {F6ED50FB-AB0A-490E-B323-90ABB19704D2}
	EndGlobalSection
EndGlobal
